{
    "_readme": [
        "This file locks the dependencies of your project to a known state",
        "Read more about it at https://getcomposer.org/doc/01-basic-usage.md#installing-dependencies",
        "This file is @generated automatically"
    ],
    "content-hash": "b47289324dcb859108977af471338e57",
    "packages": [
        {
            "name": "leandroferreirama/api-itau",
            "version": "2.1.16",
            "source": {
                "type": "git",
                "url": "https://github.com/leandroferreirama/api-itau.git",
                "reference": "91930f2f3bbd12f5637af8912c7c5685728ba4f0"
            },
            "dist": {
                "type": "zip",
                "url": "https://api.github.com/repos/leandroferreirama/api-itau/zipball/91930f2f3bbd12f5637af8912c7c5685728ba4f0",
                "reference": "91930f2f3bbd12f5637af8912c7c5685728ba4f0",
                "shasum": ""
            },
            "require": {
                "php": ">=8.1"
            },
            "type": "library",
            "autoload": {
                "psr-4": {
                    "Itau\\": "src//Itau"
                }
            },
            "notification-url": "https://packagist.org/downloads/",
            "license": [
                "MIT"
            ],
            "authors": [
                {
                    "name": "Leandro Ferreira",
                    "email": "suporte@integracaosistema.com.br"
                }
            ],
            "description": "SDK php para integração com a API Itau",
            "homepage": "https://github.com/leandroferreirama/api-itau",
            "support": {
                "issues": "https://github.com/leandroferreirama/api-itau/issues",
                "source": "https://github.com/leandroferreirama/api-itau/tree/2.1.16"
            },
            "time": "2024-07-15T14:45:24+00:00"
        }
    ],
    "packages-dev": [],
    "aliases": [],
    "minimum-stability": "stable",
    "stability-flags": [],
    "prefer-stable": false,
    "prefer-lowest": false,
    "platform": [],
    "platform-dev": [],
    "plugin-api-version": "2.6.0"
}
